
Microsoft Visual Studio Solution File, Format Version 12.00
# Visual Studio Version 16
VisualStudioVersion = 25.0.1706.12
MinimumVisualStudioVersion = 10.0.40219.1
Project("{FAE04EC0-301F-11D3-BF4B-00C04F79EFBC}") = "TabbedPages", "TabbedPages\TabbedPages.csproj", "{43066D4D-51CF-453E-82A1-27004790E98A}"
EndProject
Global
	GlobalSection(SolutionConfigurationPlatforms) = preSolution
		Debug|Any CPU = Debug|Any CPU
		Release|Any CPU = Release|Any CPU
	EndGlobalSection
	GlobalSection(ProjectConfigurationPlatforms) = postSolution
		{43066D4D-51CF-453E-82A1-27004790E98A}.Debug|Any CPU.ActiveCfg = Debug|Any CPU
		{43066D4D-51CF-453E-82A1-27004790E98A}.Debug|Any CPU.Build.0 = Debug|Any CPU
		{43066D4D-51CF-453E-82A1-27004790E98A}.Release|Any CPU.ActiveCfg = Release|Any CPU
		{43066D4D-51CF-453E-82A1-27004790E98A}.Release|Any CPU.Build.0 = Release|Any CPU
	EndGlobalSection
	GlobalSection(SolutionProperties) = preSolution
		HideSolutionNode = FALSE
	EndGlobalSection
	GlobalSection(ExtensibilityGlobals) = postSolution
		SolutionGuid = {324BAF03-2762-4506-873F-385F71D181AE}
	EndGlobalSection
EndGlobal
